
Microsoft Visual Studio Solution File, Format Version 12.00
# Visual Studio Version 16
VisualStudioVersion = 16.0.30717.126
MinimumVisualStudioVersion = 10.0.40219.1
Project("{9A19103F-16F7-4668-BE54-9A1E7A4F7556}") = "API", "API\API.csproj", "{F88D522B-310E-4005-8447-80C45DD7802B}"
EndProject
Project("{FAE04EC0-301F-11D3-BF4B-00C04F79EFBC}") = "API.Tests", "API.Tests\API.Tests.csproj", "{C88FA396-3DF8-4E11-A8D9-4962EAF8136E}"
	ProjectSection(ProjectDependencies) = postProject
		{F88D522B-310E-4005-8447-80C45DD7802B} = {F88D522B-310E-4005-8447-80C45DD7802B}
	EndProjectSection
EndProject
Global
	GlobalSection(SolutionConfigurationPlatforms) = preSolution
		Debug|Any CPU = Debug|Any CPU
		Release|Any CPU = Release|Any CPU
	EndGlobalSection
	GlobalSection(ProjectConfigurationPlatforms) = postSolution
		{F88D522B-310E-4005-8447-80C45DD7802B}.Debug|Any CPU.ActiveCfg = Debug|Any CPU
		{F88D522B-310E-4005-8447-80C45DD7802B}.Debug|Any CPU.Build.0 = Debug|Any CPU
		{F88D522B-310E-4005-8447-80C45DD7802B}.Release|Any CPU.ActiveCfg = Release|Any CPU
		{F88D522B-310E-4005-8447-80C45DD7802B}.Release|Any CPU.Build.0 = Release|Any CPU
		{C88FA396-3DF8-4E11-A8D9-4962EAF8136E}.Debug|Any CPU.ActiveCfg = Debug|Any CPU
		{C88FA396-3DF8-4E11-A8D9-4962EAF8136E}.Debug|Any CPU.Build.0 = Debug|Any CPU
		{C88FA396-3DF8-4E11-A8D9-4962EAF8136E}.Release|Any CPU.ActiveCfg = Release|Any CPU
		{C88FA396-3DF8-4E11-A8D9-4962EAF8136E}.Release|Any CPU.Build.0 = Release|Any CPU
	EndGlobalSection
	GlobalSection(SolutionProperties) = preSolution
		HideSolutionNode = FALSE
	EndGlobalSection
	GlobalSection(ExtensibilityGlobals) = postSolution
		SolutionGuid = {6AC97BB6-8780-4803-98F4-029584ED1457}
	EndGlobalSection
EndGlobal
